
Microsoft Visual Studio Solution File, Format Version 10.00
# Visual Studio 2008
Project("{2150E333-8FDC-42A3-9474-1A3956D46DE8}") = "Examples", "Examples", "{820971AE-F0C0-470B-8151-765C684055C0}"
EndProject
Project("{FAE04EC0-301F-11D3-BF4B-00C04F79EFBC}") = "BusinessObject.Framework", "System.BusinessObjects.Framework\BusinessObject.Framework.csproj", "{419FB51B-44D5-4611-B6D4-3154CC8EDCCA}"
EndProject
Project("{FAE04EC0-301F-11D3-BF4B-00C04F79EFBC}") = "Sample.Facade", "Examples\Sample.Facade\Sample.Facade.csproj", "{42A626BC-6877-4FF7-9C8A-C9C95B30D54D}"
EndProject
Project("{FAE04EC0-301F-11D3-BF4B-00C04F79EFBC}") = "Sample.BusinessObjects", "Examples\Sample.BusinessObjects\Sample.BusinessObjects.csproj", "{0B8E754A-1587-4031-ABDB-43324DC917EA}"
EndProject
Project("{FAE04EC0-301F-11D3-BF4B-00C04F79EFBC}") = "Sample.UI.AddressBook", "Examples\Sample.UI.AddressBook\Sample.UI.AddressBook.csproj", "{AB994279-8969-4622-80CD-8F0017B2533B}"
EndProject
Project("{FAE04EC0-301F-11D3-BF4B-00C04F79EFBC}") = "BusinessObject.Framework.Tests", "BusinessObject.Framework.Tests\BusinessObject.Framework.Tests.csproj", "{02162254-F621-4A0C-B165-4CD33B1E5052}"
EndProject
Project("{2150E333-8FDC-42A3-9474-1A3956D46DE8}") = "Contrib", "Contrib", "{4EBFDA18-9F1E-46F5-821B-AC4D0AE9B156}"
EndProject
Project("{FAE04EC0-301F-11D3-BF4B-00C04F79EFBC}") = "System.BusinessObjects.Membership", "Contrib\System.BusinessObjects.Membership\System.BusinessObjects.Membership.csproj", "{22B30405-D7AA-402B-A064-24A779CCF800}"
EndProject
Project("{FAE04EC0-301F-11D3-BF4B-00C04F79EFBC}") = "System.BusinessObjects.Membership.Tests", "Contrib\System.BusinessObjects.Membership.Tests\System.BusinessObjects.Membership.Tests.csproj", "{D0EE30B2-0D09-4084-996E-5E868CE1BD20}"
EndProject
Project("{FAE04EC0-301F-11D3-BF4B-00C04F79EFBC}") = "System.BusinessObjects.Expressions", "System.BusinessObjects.Expressions\System.BusinessObjects.Expressions.csproj", "{7373763E-0410-4C11-B231-C190ECA67C49}"
EndProject
Global
	GlobalSection(SolutionConfigurationPlatforms) = preSolution
		Debug|Any CPU = Debug|Any CPU
		Release|Any CPU = Release|Any CPU
		Release-IoC|Any CPU = Release-IoC|Any CPU
	EndGlobalSection
	GlobalSection(ProjectConfigurationPlatforms) = postSolution
		{419FB51B-44D5-4611-B6D4-3154CC8EDCCA}.Debug|Any CPU.ActiveCfg = Debug|Any CPU
		{419FB51B-44D5-4611-B6D4-3154CC8EDCCA}.Debug|Any CPU.Build.0 = Debug|Any CPU
		{419FB51B-44D5-4611-B6D4-3154CC8EDCCA}.Release|Any CPU.ActiveCfg = Release|Any CPU
		{419FB51B-44D5-4611-B6D4-3154CC8EDCCA}.Release|Any CPU.Build.0 = Release|Any CPU
		{419FB51B-44D5-4611-B6D4-3154CC8EDCCA}.Release-IoC|Any CPU.ActiveCfg = Release-IoC|Any CPU
		{419FB51B-44D5-4611-B6D4-3154CC8EDCCA}.Release-IoC|Any CPU.Build.0 = Release-IoC|Any CPU
		{42A626BC-6877-4FF7-9C8A-C9C95B30D54D}.Debug|Any CPU.ActiveCfg = Debug|Any CPU
		{42A626BC-6877-4FF7-9C8A-C9C95B30D54D}.Debug|Any CPU.Build.0 = Debug|Any CPU
		{42A626BC-6877-4FF7-9C8A-C9C95B30D54D}.Release|Any CPU.ActiveCfg = Release|Any CPU
		{42A626BC-6877-4FF7-9C8A-C9C95B30D54D}.Release|Any CPU.Build.0 = Release|Any CPU
		{42A626BC-6877-4FF7-9C8A-C9C95B30D54D}.Release-IoC|Any CPU.ActiveCfg = Release|Any CPU
		{42A626BC-6877-4FF7-9C8A-C9C95B30D54D}.Release-IoC|Any CPU.Build.0 = Release|Any CPU
		{0B8E754A-1587-4031-ABDB-43324DC917EA}.Debug|Any CPU.ActiveCfg = Debug|Any CPU
		{0B8E754A-1587-4031-ABDB-43324DC917EA}.Debug|Any CPU.Build.0 = Debug|Any CPU
		{0B8E754A-1587-4031-ABDB-43324DC917EA}.Release|Any CPU.ActiveCfg = Release|Any CPU
		{0B8E754A-1587-4031-ABDB-43324DC917EA}.Release|Any CPU.Build.0 = Release|Any CPU
		{0B8E754A-1587-4031-ABDB-43324DC917EA}.Release-IoC|Any CPU.ActiveCfg = Release|Any CPU
		{0B8E754A-1587-4031-ABDB-43324DC917EA}.Release-IoC|Any CPU.Build.0 = Release|Any CPU
		{AB994279-8969-4622-80CD-8F0017B2533B}.Debug|Any CPU.ActiveCfg = Debug|Any CPU
		{AB994279-8969-4622-80CD-8F0017B2533B}.Debug|Any CPU.Build.0 = Debug|Any CPU
		{AB994279-8969-4622-80CD-8F0017B2533B}.Release|Any CPU.ActiveCfg = Release|Any CPU
		{AB994279-8969-4622-80CD-8F0017B2533B}.Release|Any CPU.Build.0 = Release|Any CPU
		{AB994279-8969-4622-80CD-8F0017B2533B}.Release-IoC|Any CPU.ActiveCfg = Release|Any CPU
		{AB994279-8969-4622-80CD-8F0017B2533B}.Release-IoC|Any CPU.Build.0 = Release|Any CPU
		{02162254-F621-4A0C-B165-4CD33B1E5052}.Debug|Any CPU.ActiveCfg = Debug|Any CPU
		{02162254-F621-4A0C-B165-4CD33B1E5052}.Debug|Any CPU.Build.0 = Debug|Any CPU
		{02162254-F621-4A0C-B165-4CD33B1E5052}.Release|Any CPU.ActiveCfg = Release|Any CPU
		{02162254-F621-4A0C-B165-4CD33B1E5052}.Release|Any CPU.Build.0 = Release|Any CPU
		{02162254-F621-4A0C-B165-4CD33B1E5052}.Release-IoC|Any CPU.ActiveCfg = Release|Any CPU
		{02162254-F621-4A0C-B165-4CD33B1E5052}.Release-IoC|Any CPU.Build.0 = Release|Any CPU
		{22B30405-D7AA-402B-A064-24A779CCF800}.Debug|Any CPU.ActiveCfg = Debug|Any CPU
		{22B30405-D7AA-402B-A064-24A779CCF800}.Debug|Any CPU.Build.0 = Debug|Any CPU
		{22B30405-D7AA-402B-A064-24A779CCF800}.Release|Any CPU.ActiveCfg = Release|Any CPU
		{22B30405-D7AA-402B-A064-24A779CCF800}.Release|Any CPU.Build.0 = Release|Any CPU
		{22B30405-D7AA-402B-A064-24A779CCF800}.Release-IoC|Any CPU.ActiveCfg = Release|Any CPU
		{22B30405-D7AA-402B-A064-24A779CCF800}.Release-IoC|Any CPU.Build.0 = Release|Any CPU
		{D0EE30B2-0D09-4084-996E-5E868CE1BD20}.Debug|Any CPU.ActiveCfg = Debug|Any CPU
		{D0EE30B2-0D09-4084-996E-5E868CE1BD20}.Debug|Any CPU.Build.0 = Debug|Any CPU
		{D0EE30B2-0D09-4084-996E-5E868CE1BD20}.Release|Any CPU.ActiveCfg = Release|Any CPU
		{D0EE30B2-0D09-4084-996E-5E868CE1BD20}.Release|Any CPU.Build.0 = Release|Any CPU
		{D0EE30B2-0D09-4084-996E-5E868CE1BD20}.Release-IoC|Any CPU.ActiveCfg = Release|Any CPU
		{D0EE30B2-0D09-4084-996E-5E868CE1BD20}.Release-IoC|Any CPU.Build.0 = Release|Any CPU
		{7373763E-0410-4C11-B231-C190ECA67C49}.Debug|Any CPU.ActiveCfg = Debug|Any CPU
		{7373763E-0410-4C11-B231-C190ECA67C49}.Debug|Any CPU.Build.0 = Debug|Any CPU
		{7373763E-0410-4C11-B231-C190ECA67C49}.Release|Any CPU.ActiveCfg = Release|Any CPU
		{7373763E-0410-4C11-B231-C190ECA67C49}.Release|Any CPU.Build.0 = Release|Any CPU
		{7373763E-0410-4C11-B231-C190ECA67C49}.Release-IoC|Any CPU.ActiveCfg = Release|Any CPU
		{7373763E-0410-4C11-B231-C190ECA67C49}.Release-IoC|Any CPU.Build.0 = Release|Any CPU
	EndGlobalSection
	GlobalSection(SolutionProperties) = preSolution
		HideSolutionNode = FALSE
	EndGlobalSection
	GlobalSection(NestedProjects) = preSolution
		{42A626BC-6877-4FF7-9C8A-C9C95B30D54D} = {820971AE-F0C0-470B-8151-765C684055C0}
		{0B8E754A-1587-4031-ABDB-43324DC917EA} = {820971AE-F0C0-470B-8151-765C684055C0}
		{AB994279-8969-4622-80CD-8F0017B2533B} = {820971AE-F0C0-470B-8151-765C684055C0}
		{22B30405-D7AA-402B-A064-24A779CCF800} = {4EBFDA18-9F1E-46F5-821B-AC4D0AE9B156}
		{D0EE30B2-0D09-4084-996E-5E868CE1BD20} = {4EBFDA18-9F1E-46F5-821B-AC4D0AE9B156}
	EndGlobalSection
EndGlobal
